
Microsoft Visual Studio Solution File, Format Version 12.00
# Visual Studio 15
VisualStudioVersion = 15.0.28307.779
MinimumVisualStudioVersion = 10.0.40219.1
Project("{8BC9CEB8-8B4A-11D0-8D11-00A0C91BC942}") = "mnogopotoc", "mnogopotoc\mnogopotoc.vcxproj", "{893C90B1-501C-4400-A31A-0713D122A67A}"
EndProject
Global
	GlobalSection(SolutionConfigurationPlatforms) = preSolution
		Debug|x64 = Debug|x64
		Debug|x86 = Debug|x86
		Release|x64 = Release|x64
		Release|x86 = Release|x86
	EndGlobalSection
	GlobalSection(ProjectConfigurationPlatforms) = postSolution
		{893C90B1-501C-4400-A31A-0713D122A67A}.Debug|x64.ActiveCfg = Debug|x64
		{893C90B1-501C-4400-A31A-0713D122A67A}.Debug|x64.Build.0 = Debug|x64
		{893C90B1-501C-4400-A31A-0713D122A67A}.Debug|x86.ActiveCfg = Debug|Win32
		{893C90B1-501C-4400-A31A-0713D122A67A}.Debug|x86.Build.0 = Debug|Win32
		{893C90B1-501C-4400-A31A-0713D122A67A}.Release|x64.ActiveCfg = Release|x64
		{893C90B1-501C-4400-A31A-0713D122A67A}.Release|x64.Build.0 = Release|x64
		{893C90B1-501C-4400-A31A-0713D122A67A}.Release|x86.ActiveCfg = Release|Win32
		{893C90B1-501C-4400-A31A-0713D122A67A}.Release|x86.Build.0 = Release|Win32
	EndGlobalSection
	GlobalSection(SolutionProperties) = preSolution
		HideSolutionNode = FALSE
	EndGlobalSection
	GlobalSection(ExtensibilityGlobals) = postSolution
		SolutionGuid = {C3AF46BB-6DF6-4653-A73E-FA2978644982}
	EndGlobalSection
EndGlobal
